
Microsoft Visual Studio Solution File, Format Version 11.00
# Visual C++ Express 2010
Project("{8BC9CEB8-8B4A-11D0-8D11-00A0C91BC942}") = "test_3_29_morning", "test_3_29\test_3_29.vcxproj", "{3884E11A-25AD-4037-8E87-71DF29D17ACA}"
EndProject
Global
	GlobalSection(SolutionConfigurationPlatforms) = preSolution
		Debug|Win32 = Debug|Win32
		Debug|x64 = Debug|x64
		Release|Win32 = Release|Win32
		Release|x64 = Release|x64
	EndGlobalSection
	GlobalSection(ProjectConfigurationPlatforms) = postSolution
		{3884E11A-25AD-4037-8E87-71DF29D17ACA}.Debug|Win32.ActiveCfg = Debug|Win32
		{3884E11A-25AD-4037-8E87-71DF29D17ACA}.Debug|Win32.Build.0 = Debug|Win32
		{3884E11A-25AD-4037-8E87-71DF29D17ACA}.Debug|x64.ActiveCfg = Debug|Win32
		{3884E11A-25AD-4037-8E87-71DF29D17ACA}.Debug|x64.Build.0 = Debug|Win32
		{3884E11A-25AD-4037-8E87-71DF29D17ACA}.Release|Win32.ActiveCfg = Release|Win32
		{3884E11A-25AD-4037-8E87-71DF29D17ACA}.Release|Win32.Build.0 = Release|Win32
		{3884E11A-25AD-4037-8E87-71DF29D17ACA}.Release|x64.ActiveCfg = Release|Win32
		{3884E11A-25AD-4037-8E87-71DF29D17ACA}.Release|x64.Build.0 = Release|Win32
	EndGlobalSection
	GlobalSection(SolutionProperties) = preSolution
		HideSolutionNode = FALSE
	EndGlobalSection
EndGlobal
