
Microsoft Visual Studio Solution File, Format Version 11.00
# Visual C++ Express 2010
Project("{8BC9CEB8-8B4A-11D0-8D11-00A0C91BC942}") = "test_3_26", "test_3_26\test_3_26.vcxproj", "{1990A3E4-31D2-47E2-944C-8F5A61D6DAB8}"
EndProject
Global
	GlobalSection(SolutionConfigurationPlatforms) = preSolution
		Debug|Win32 = Debug|Win32
		Release|Win32 = Release|Win32
	EndGlobalSection
	GlobalSection(ProjectConfigurationPlatforms) = postSolution
		{1990A3E4-31D2-47E2-944C-8F5A61D6DAB8}.Debug|Win32.ActiveCfg = Debug|Win32
		{1990A3E4-31D2-47E2-944C-8F5A61D6DAB8}.Debug|Win32.Build.0 = Debug|Win32
		{1990A3E4-31D2-47E2-944C-8F5A61D6DAB8}.Release|Win32.ActiveCfg = Release|Win32
		{1990A3E4-31D2-47E2-944C-8F5A61D6DAB8}.Release|Win32.Build.0 = Release|Win32
	EndGlobalSection
	GlobalSection(SolutionProperties) = preSolution
		HideSolutionNode = FALSE
	EndGlobalSection
EndGlobal
