
Microsoft Visual Studio Solution File, Format Version 11.00
# Visual C++ Express 2010
Project("{8BC9CEB8-8B4A-11D0-8D11-00A0C91BC942}") = "test_04_10_afternoon_(three chess)", "test_04_10_afternoon_(three chess)\test_04_10_afternoon_(three chess).vcxproj", "{B93B628F-4F11-48A6-8728-F18880ACD3B8}"
EndProject
Global
	GlobalSection(SolutionConfigurationPlatforms) = preSolution
		Debug|Win32 = Debug|Win32
		Release|Win32 = Release|Win32
	EndGlobalSection
	GlobalSection(ProjectConfigurationPlatforms) = postSolution
		{B93B628F-4F11-48A6-8728-F18880ACD3B8}.Debug|Win32.ActiveCfg = Debug|Win32
		{B93B628F-4F11-48A6-8728-F18880ACD3B8}.Debug|Win32.Build.0 = Debug|Win32
		{B93B628F-4F11-48A6-8728-F18880ACD3B8}.Release|Win32.ActiveCfg = Release|Win32
		{B93B628F-4F11-48A6-8728-F18880ACD3B8}.Release|Win32.Build.0 = Release|Win32
	EndGlobalSection
	GlobalSection(SolutionProperties) = preSolution
		HideSolutionNode = FALSE
	EndGlobalSection
EndGlobal
