
Microsoft Visual Studio Solution File, Format Version 11.00
# Visual Studio 2010
Project("{8BC9CEB8-8B4A-11D0-8D11-00A0C91BC942}") = "test_04_19_morning_debugging", "test_04_19_morning_debugging\test_04_19_morning_debugging.vcxproj", "{E0FE4F43-648A-4ADE-84E0-CC369906D1E0}"
EndProject
Global
	GlobalSection(SolutionConfigurationPlatforms) = preSolution
		Debug|Win32 = Debug|Win32
		Release|Win32 = Release|Win32
	EndGlobalSection
	GlobalSection(ProjectConfigurationPlatforms) = postSolution
		{E0FE4F43-648A-4ADE-84E0-CC369906D1E0}.Debug|Win32.ActiveCfg = Debug|Win32
		{E0FE4F43-648A-4ADE-84E0-CC369906D1E0}.Debug|Win32.Build.0 = Debug|Win32
		{E0FE4F43-648A-4ADE-84E0-CC369906D1E0}.Release|Win32.ActiveCfg = Release|Win32
		{E0FE4F43-648A-4ADE-84E0-CC369906D1E0}.Release|Win32.Build.0 = Release|Win32
	EndGlobalSection
	GlobalSection(SolutionProperties) = preSolution
		HideSolutionNode = FALSE
	EndGlobalSection
EndGlobal
